
Microsoft Visual Studio Solution File, Format Version 12.00
# Visual Studio Version 17
VisualStudioVersion = 17.4.33122.133
MinimumVisualStudioVersion = 10.0.40219.1
Project("{FAE04EC0-301F-11D3-BF4B-00C04F79EFBC}") = "WebApplicationForPipeline", "WebApplicationForPipeline\WebApplicationForPipeline.csproj", "{1F5501F1-9C70-44BE-9EE6-4735CEE1215B}"
EndProject
Global
	GlobalSection(SolutionConfigurationPlatforms) = preSolution
		Debug|Any CPU = Debug|Any CPU
		Release|Any CPU = Release|Any CPU
	EndGlobalSection
	GlobalSection(ProjectConfigurationPlatforms) = postSolution
		{1F5501F1-9C70-44BE-9EE6-4735CEE1215B}.Debug|Any CPU.ActiveCfg = Debug|Any CPU
		{1F5501F1-9C70-44BE-9EE6-4735CEE1215B}.Debug|Any CPU.Build.0 = Debug|Any CPU
		{1F5501F1-9C70-44BE-9EE6-4735CEE1215B}.Release|Any CPU.ActiveCfg = Release|Any CPU
		{1F5501F1-9C70-44BE-9EE6-4735CEE1215B}.Release|Any CPU.Build.0 = Release|Any CPU
	EndGlobalSection
	GlobalSection(SolutionProperties) = preSolution
		HideSolutionNode = FALSE
	EndGlobalSection
	GlobalSection(ExtensibilityGlobals) = postSolution
		SolutionGuid = {01C7A136-1748-4DEB-89F0-1EB36898317F}
	EndGlobalSection
EndGlobal
